
Microsoft Visual Studio Solution File, Format Version 12.00
# Visual Studio 15
VisualStudioVersion = 15.0.28307.1831
MinimumVisualStudioVersion = 10.0.40219.1
Project("{FAE04EC0-301F-11D3-BF4B-00C04F79EFBC}") = "ResearchGateProject", "ResearchGateProject\ResearchGateProject.csproj", "{FDA3494D-00ED-4A75-8985-4B38B043DF6C}"
EndProject
Global
	GlobalSection(SolutionConfigurationPlatforms) = preSolution
		Debug|Any CPU = Debug|Any CPU
		Release|Any CPU = Release|Any CPU
	EndGlobalSection
	GlobalSection(ProjectConfigurationPlatforms) = postSolution
		{FDA3494D-00ED-4A75-8985-4B38B043DF6C}.Debug|Any CPU.ActiveCfg = Debug|Any CPU
		{FDA3494D-00ED-4A75-8985-4B38B043DF6C}.Debug|Any CPU.Build.0 = Debug|Any CPU
		{FDA3494D-00ED-4A75-8985-4B38B043DF6C}.Release|Any CPU.ActiveCfg = Release|Any CPU
		{FDA3494D-00ED-4A75-8985-4B38B043DF6C}.Release|Any CPU.Build.0 = Release|Any CPU
	EndGlobalSection
	GlobalSection(SolutionProperties) = preSolution
		HideSolutionNode = FALSE
	EndGlobalSection
	GlobalSection(ExtensibilityGlobals) = postSolution
		SolutionGuid = {5459BB07-FC5F-42F2-A8DB-7131C97DEB67}
	EndGlobalSection
EndGlobal
